
Microsoft Visual Studio Solution File, Format Version 12.00
# Visual Studio Version 17
VisualStudioVersion = 17.2.32526.322
MinimumVisualStudioVersion = 10.0.40219.1
Project("{2150E333-8FDC-42A3-9474-1A3956D46DE8}") = "Solution Items", "Solution Items", "{29F9C865-DCDE-477B-BD56-11451E6A6C1F}"
	ProjectSection(SolutionItems) = preProject
		.gitignore = .gitignore
		version.json = version.json
	EndProjectSection
EndProject
Project("{9A19103F-16F7-4668-BE54-9A1E7A4F7556}") = "Webserver.API", "src\Webserver.API\Webserver.API.csproj", "{023E3E93-8E71-48BA-9616-CCEDF8A34415}"
EndProject
Project("{9A19103F-16F7-4668-BE54-9A1E7A4F7556}") = "Webserver.Api.UnitTests", "tests\Webserver.API.UnitTests\Webserver.Api.UnitTests.csproj", "{F4F34F39-86B1-43D6-AD75-48ED8B45DFA8}"
EndProject
Global
	GlobalSection(SolutionConfigurationPlatforms) = preSolution
		Debug|x64 = Debug|x64
		Release|x64 = Release|x64
	EndGlobalSection
	GlobalSection(ProjectConfigurationPlatforms) = postSolution
		{023E3E93-8E71-48BA-9616-CCEDF8A34415}.Debug|x64.ActiveCfg = Debug|x64
		{023E3E93-8E71-48BA-9616-CCEDF8A34415}.Debug|x64.Build.0 = Debug|x64
		{023E3E93-8E71-48BA-9616-CCEDF8A34415}.Release|x64.ActiveCfg = Release|x64
		{023E3E93-8E71-48BA-9616-CCEDF8A34415}.Release|x64.Build.0 = Release|x64
		{F4F34F39-86B1-43D6-AD75-48ED8B45DFA8}.Debug|x64.ActiveCfg = Debug|x64
		{F4F34F39-86B1-43D6-AD75-48ED8B45DFA8}.Debug|x64.Build.0 = Debug|x64
		{F4F34F39-86B1-43D6-AD75-48ED8B45DFA8}.Release|x64.ActiveCfg = Release|x64
		{F4F34F39-86B1-43D6-AD75-48ED8B45DFA8}.Release|x64.Build.0 = Release|x64
	EndGlobalSection
	GlobalSection(SolutionProperties) = preSolution
		HideSolutionNode = FALSE
	EndGlobalSection
	GlobalSection(ExtensibilityGlobals) = postSolution
		SolutionGuid = {18963600-8396-45A1-935C-83006A8A3385}
	EndGlobalSection
EndGlobal
